<?xml version="1.0" encoding="utf-8"?>
<Project ToolsVersion="4.0" xmlns="http://schemas.microsoft.com/developer/msbuild/2003">
  <ItemGroup>
    <MASM Include="main_program.asm" />
    <MASM Include="Function.asm" />
    <MASM Include="font.asm" />
    <MASM Include="WelcomeScreen.asm" />
  </ItemGroup>
  <ItemGroup>
    <None Include="structure.inc" />
    <None Include="Configuration.inc" />
    <None Include="Function.inc" />
    <None Include="AdditionalDef.inc" />
    <None Include="font.inc" />
    <None Include="fontemplate3x5.inc" />
    <None Include="fontemplate5x7.inc" />
    <None Include="WelcomeScreen.inc" />
    <None Include="fontemplate9x13.inc" />
  </ItemGroup>
</Project>